github.com/edsrzf/mmap-go v1.0.0 h1:CEBF7HpRnUCSJgGUb5h1Gm7e3VkmVDrR8lvWVLtrOFw=
github.com/edsrzf/mmap-go v1.0.0/go.mod h1:YO35OhQPt3KJa3ryjFM5Bs14WD66h8eGKpfaBNrHW5M=
github.com/jessevdk/go-flags v1.4.0 h1:4IU2WS7AumrZ/40jfhf4QVDMsQwqA7VEHozFRrGARJA=
github.com/jessevdk/go-flags v1.4.0/go.mod h1:4FA24M0QyGHXBuZZK/XkWh8h0e1EYbRYJSGM75WSRxI=
golang.org/x/sys v0.0.0-20200930185726-fdedc70b468f h1:+Nyd8tzPX9R7BWHguqsrbFdRx3WQ/1ib8I44HXV5yTA=
golang.org/x/sys v0.0.0-20200930185726-fdedc70b468f/go.mod h1:h1NjWce9XRLGQEsW7wpKNCjG9DtNlClVuFLEZdDNbEs=
